
Microsoft Visual Studio Solution File, Format Version 12.00
# Visual Studio Version 16
VisualStudioVersion = 16.0.30907.101
MinimumVisualStudioVersion = 10.0.40219.1
Project("{9A19103F-16F7-4668-BE54-9A1E7A4F7556}") = "Entities", "Entities\Entities.csproj", "{EC527D90-1E57-4242-AD41-07EFF6A7D099}"
EndProject
Project("{9A19103F-16F7-4668-BE54-9A1E7A4F7556}") = "Core", "Core\Core.csproj", "{B26FBE7E-DE21-4E24-8B35-4BE49465EDD8}"
EndProject
Project("{9A19103F-16F7-4668-BE54-9A1E7A4F7556}") = "DataAccess", "DataAccess\DataAccess.csproj", "{465C5AD0-DBB8-4775-8E22-B1EDC226566F}"
EndProject
Project("{FAE04EC0-301F-11D3-BF4B-00C04F79EFBC}") = "Business", "Business\Business.csproj", "{1F131D2F-E37C-4F70-9170-5A0718C6CA1C}"
EndProject
Project("{FAE04EC0-301F-11D3-BF4B-00C04F79EFBC}") = "WebAPI", "WebAPI\WebAPI.csproj", "{2B6EBB7C-4B50-460A-BD67-C86AFB460AC6}"
EndProject
Global
	GlobalSection(SolutionConfigurationPlatforms) = preSolution
		Debug|Any CPU = Debug|Any CPU
		Release|Any CPU = Release|Any CPU
	EndGlobalSection
	GlobalSection(ProjectConfigurationPlatforms) = postSolution
		{EC527D90-1E57-4242-AD41-07EFF6A7D099}.Debug|Any CPU.ActiveCfg = Debug|Any CPU
		{EC527D90-1E57-4242-AD41-07EFF6A7D099}.Debug|Any CPU.Build.0 = Debug|Any CPU
		{EC527D90-1E57-4242-AD41-07EFF6A7D099}.Release|Any CPU.ActiveCfg = Release|Any CPU
		{EC527D90-1E57-4242-AD41-07EFF6A7D099}.Release|Any CPU.Build.0 = Release|Any CPU
		{B26FBE7E-DE21-4E24-8B35-4BE49465EDD8}.Debug|Any CPU.ActiveCfg = Debug|Any CPU
		{B26FBE7E-DE21-4E24-8B35-4BE49465EDD8}.Debug|Any CPU.Build.0 = Debug|Any CPU
		{B26FBE7E-DE21-4E24-8B35-4BE49465EDD8}.Release|Any CPU.ActiveCfg = Release|Any CPU
		{B26FBE7E-DE21-4E24-8B35-4BE49465EDD8}.Release|Any CPU.Build.0 = Release|Any CPU
		{465C5AD0-DBB8-4775-8E22-B1EDC226566F}.Debug|Any CPU.ActiveCfg = Debug|Any CPU
		{465C5AD0-DBB8-4775-8E22-B1EDC226566F}.Debug|Any CPU.Build.0 = Debug|Any CPU
		{465C5AD0-DBB8-4775-8E22-B1EDC226566F}.Release|Any CPU.ActiveCfg = Release|Any CPU
		{465C5AD0-DBB8-4775-8E22-B1EDC226566F}.Release|Any CPU.Build.0 = Release|Any CPU
		{1F131D2F-E37C-4F70-9170-5A0718C6CA1C}.Debug|Any CPU.ActiveCfg = Debug|Any CPU
		{1F131D2F-E37C-4F70-9170-5A0718C6CA1C}.Debug|Any CPU.Build.0 = Debug|Any CPU
		{1F131D2F-E37C-4F70-9170-5A0718C6CA1C}.Release|Any CPU.ActiveCfg = Release|Any CPU
		{1F131D2F-E37C-4F70-9170-5A0718C6CA1C}.Release|Any CPU.Build.0 = Release|Any CPU
		{2B6EBB7C-4B50-460A-BD67-C86AFB460AC6}.Debug|Any CPU.ActiveCfg = Debug|Any CPU
		{2B6EBB7C-4B50-460A-BD67-C86AFB460AC6}.Debug|Any CPU.Build.0 = Debug|Any CPU
		{2B6EBB7C-4B50-460A-BD67-C86AFB460AC6}.Release|Any CPU.ActiveCfg = Release|Any CPU
		{2B6EBB7C-4B50-460A-BD67-C86AFB460AC6}.Release|Any CPU.Build.0 = Release|Any CPU
	EndGlobalSection
	GlobalSection(SolutionProperties) = preSolution
		HideSolutionNode = FALSE
	EndGlobalSection
	GlobalSection(ExtensibilityGlobals) = postSolution
		SolutionGuid = {822434AC-CD4B-4E34-9967-5F45360070AF}
	EndGlobalSection
EndGlobal
